
Microsoft Visual Studio Solution File, Format Version 12.00
# Visual Studio Version 17
VisualStudioVersion = 17.3.32811.315
MinimumVisualStudioVersion = 10.0.40219.1
Project("{FAE04EC0-301F-11D3-BF4B-00C04F79EFBC}") = "atividade4pr2", "atividade4pr2\atividade4pr2.csproj", "{C541B3D1-E106-4C32-B788-7BFD22A74DAA}"
EndProject
Global
	GlobalSection(SolutionConfigurationPlatforms) = preSolution
		Debug|Any CPU = Debug|Any CPU
		Release|Any CPU = Release|Any CPU
	EndGlobalSection
	GlobalSection(ProjectConfigurationPlatforms) = postSolution
		{C541B3D1-E106-4C32-B788-7BFD22A74DAA}.Debug|Any CPU.ActiveCfg = Debug|Any CPU
		{C541B3D1-E106-4C32-B788-7BFD22A74DAA}.Debug|Any CPU.Build.0 = Debug|Any CPU
		{C541B3D1-E106-4C32-B788-7BFD22A74DAA}.Release|Any CPU.ActiveCfg = Release|Any CPU
		{C541B3D1-E106-4C32-B788-7BFD22A74DAA}.Release|Any CPU.Build.0 = Release|Any CPU
	EndGlobalSection
	GlobalSection(SolutionProperties) = preSolution
		HideSolutionNode = FALSE
	EndGlobalSection
	GlobalSection(ExtensibilityGlobals) = postSolution
		SolutionGuid = {48B48C9B-0BB9-4F44-A103-07767051DC9C}
	EndGlobalSection
EndGlobal
